// !$*UTF8*$!
{
	archiveVersion = 1;
	classes = {
	};
	objectVersion = 50;
	objects = {

/* Begin PBXBuildFile section */
		E446C8C02281476600D5A15D /* AppDelegate.swift in Sources */ = {isa = PBXBuildFile; fileRef = E446C8BF2281476600D5A15D /* AppDelegate.swift */; };
		E446C8C22281476600D5A15D /* ViewController.swift in Sources */ = {isa = PBXBuildFile; fileRef = E446C8C12281476600D5A15D /* ViewController.swift */; };
		E446C8C52281476600D5A15D /* Main.storyboard in Resources */ = {isa = PBXBuildFile; fileRef = E446C8C32281476600D5A15D /* Main.storyboard */; };
		E446C8C72281476700D5A15D /* Assets.xcassets in Resources */ = {isa = PBXBuildFile; fileRef = E446C8C62281476700D5A15D /* Assets.xcassets */; };
		E446C8CA2281476700D5A15D /* LaunchScreen.storyboard in Resources */ = {isa = PBXBuildFile; fileRef = E446C8C82281476700D5A15D /* LaunchScreen.storyboard */; };
/* End PBXBuildFile section */

/* Begin PBXFileReference section */
		E446C8BC2281476600D5A15D /* AkilaDilshan-COBSCComp171p-015.app */ = {isa = PBXFileReference; explicitFileType = wrapper.application; includeInIndex = 0; path = "AkilaDilshan-COBSCComp171p-015.app"; sourceTree = BUILT_PRODUCTS_DIR; };
		E446C8BF2281476600D5A15D /* AppDelegate.swift */ = {isa = PBXFileReference; lastKnownFileType = sourcecode.swift; path = AppDelegate.swift; sourceTree = "<group>"; };
		E446C8C12281476600D5A15D /* ViewController.swift */ = {isa = PBXFileReference; lastKnownFileType = sourcecode.swift; path = ViewController.swift; sourceTree = "<group>"; };
		E446C8C42281476600D5A15D /* Base */ = {isa = PBXFileReference; lastKnownFileType = file.storyboard; name = Base; path = Base.lproj/Main.storyboard; sourceTree = "<group>"; };
		E446C8C62281476700D5A15D /* Assets.xcassets */ = {isa = PBXFileReference; lastKnownFileType = folder.assetcatalog; path = Assets.xcassets; sourceTree = "<group>"; };
		E446C8C92281476700D5A15D /* Base */ = {isa = PBXFileReference; lastKnownFileType = file.storyboard; name = Base; path = Base.lproj/LaunchScreen.storyboard; sourceTree = "<group>"; };
		E446C8CB2281476700D5A15D /* Info.plist */ = {isa = PBXFileReference; lastKnownFileType = text.plist.xml; path = Info.plist; sourceTree = "<group>"; };
/* End PBXFileReference section */

/* Begin PBXFrameworksBuildPhase section */
		E446C8B92281476600D5A15D /* Frameworks */ = {
			isa = PBXFrameworksBuildPhase;
			buildActionMask = 2147483647;
			files = (
			);
			runOnlyForDeploymentPostprocessing = 0;
		};
/* End PBXFrameworksBuildPhase section */

/* Begin PBXGroup section */
		E446C8B32281476600D5A15D = {
			isa = PBXGroup;
			children = (
				E446C8BE2281476600D5A15D /* AkilaDilshan-COBSCComp171p-015 */,
				E446C8BD2281476600D5A15D /* Products */,
			);
			sourceTree = "<group>";
		};
		E446C8BD2281476600D5A15D /* Products */ = {
			isa = PBXGroup;
			children = (
				E446C8BC2281476600D5A15D /* AkilaDilshan-COBSCComp171p-015.app */,
			);
			name = Products;
			sourceTree = "<group>";
		};
		E446C8BE2281476600D5A15D /* AkilaDilshan-COBSCComp171p-015 */ = {
			isa = PBXGroup;
			children = (
				E446C8BF2281476600D5A15D /* AppDelegate.swift */,
				E446C8C12281476600D5A15D /* ViewController.swift */,
				E446C8C32281476600D5A15D /* Main.storyboard */,
				E446C8C62281476700D5A15D /* Assets.xcassets */,
				E446C8C82281476700D5A15D /* LaunchScreen.storyboard */,
				E446C8CB2281476700D5A15D /* Info.plist */,
			);
			path = "AkilaDilshan-COBSCComp171p-015";
			sourceTree = "<group>";
		};
/* End PBXGroup section */

/* Begin PBXNativeTarget section */
		E446C8BB2281476600D5A15D /* AkilaDilshan-COBSCComp171p-015 */ = {
			isa = PBXNativeTarget;
			buildConfigurationList = E446C8CE2281476700D5A15D /* Build configuration list for PBXNativeTarget "AkilaDilshan-COBSCComp171p-015" */;
			buildPhases = (
				E446C8B82281476600D5A15D /* Sources */,
				E446C8B92281476600D5A15D /* Frameworks */,
				E446C8BA2281476600D5A15D /* Resources */,
			);
			buildRules = (
			);
			dependencies = (
			);
			name = "AkilaDilshan-COBSCComp171p-015";
			productName = "AkilaDilshan-COBSCComp171p-015";
			productReference = E446C8BC2281476600D5A15D /* AkilaDilshan-COBSCComp171p-015.app */;
			productType = "com.apple.product-type.application";
		};
/* End PBXNativeTarget section */

/* Begin PBXProject section */
		E446C8B42281476600D5A15D /* Project object */ = {
			isa = PBXProject;
			attributes = {
				LastSwiftUpdateCheck = 1020;
				LastUpgradeCheck = 1020;
				ORGANIZATIONNAME = "Akila Dilshan";
				TargetAttributes = {
					E446C8BB2281476600D5A15D = {
						CreatedOnToolsVersion = 10.2.1;
					};
				};
			};
			buildConfigurationList = E446C8B72281476600D5A15D /* Build configuration list for PBXProject "AkilaDilshan-COBSCComp171p-015" */;
			compatibilityVersion = "Xcode 9.3";
			developmentRegion = en;
			hasScannedForEncodings = 0;
			knownRegions = (
				en,
				Base,
			);
			mainGroup = E446C8B32281476600D5A15D;
			productRefGroup = E446C8BD2281476600D5A15D /* Products */;
			projectDirPath = "";
			projectRoot = "";
			targets = (
				E446C8BB2281476600D5A15D /* AkilaDilshan-COBSCComp171p-015 */,
			);
		};
/* End PBXProject section */

/* Begin PBXResourcesBuildPhase section */
		E446C8BA2281476600D5A15D /* Resources */ = {
			isa = PBXResourcesBuildPhase;
			buildActionMask = 2147483647;
			files = (
				E446C8CA2281476700D5A15D /* LaunchScreen.storyboard in Resources */,
				E446C8C72281476700D5A15D /* Assets.xcassets in Resources */,
				E446C8C52281476600D5A15D /* Main.storyboard in Resources */,
			);
			runOnlyForDeploymentPostprocessing = 0;
		};
/* End PBXResourcesBuildPhase section */

/* Begin PBXSourcesBuildPhase section */
		E446C8B82281476600D5A15D /* Sources */ = {
			isa = PBXSourcesBuildPhase;
			buildActionMask = 2147483647;
			files = (
				E446C8C22281476600D5A15D /* ViewController.swift in Sources */,
				E446C8C02281476600D5A15D /* AppDelegate.swift in Sources */,
			);
			runOnlyForDeploymentPostprocessing = 0;
		};
/* End PBXSourcesBuildPhase section */

/* Begin PBXVariantGroup section */
		E446C8C32281476600D5A15D /* Main.storyboard */ = {
			isa = PBXVariantGroup;
			children = (
				E446C8C42281476600D5A15D /* Base */,
			);
			name = Main.storyboard;
			sourceTree = "<group>";
		};
		E446C8C82281476700D5A15D /* LaunchScreen.storyboard */ = {
			isa = PBXVariantGroup;
			children = (
				E446C8C92281476700D5A15D /* Base */,
			);
			name = LaunchScreen.storyboard;
			sourceTree = "<group>";
		};
/* End PBXVariantGroup section */

/* Begin XCBuildConfiguration section */
		E446C8CC2281476700D5A15D /* Debug */ = {
			isa = XCBuildConfiguration;
			buildSettings = {
				ALWAYS_SEARCH_USER_PATHS = NO;
				CLANG_ANALYZER_NONNULL = YES;
				CLANG_ANALYZER_NUMBER_OBJECT_CONVERSION = YES_AGGRESSIVE;
				CLANG_CXX_LANGUAGE_STANDARD = "gnu++14";
				CLANG_CXX_LIBRARY = "libc++";
				CLANG_ENABLE_MODULES = YES;
				CLANG_ENABLE_OBJC_ARC = YES;
				CLANG_ENABLE_OBJC_WEAK = YES;
				CLANG_WARN_BLOCK_CAPTURE_AUTORELEASING = YES;
				CLANG_WARN_BOOL_CONVERSION = YES;
				CLANG_WARN_COMMA = YES;
				CLANG_WARN_CONSTANT_CONVERSION = YES;
				CLANG_WARN_DEPRECATED_OBJC_IMPLEMENTATIONS = YES;
				CLANG_WARN_DIRECT_OBJC_ISA_USAGE = YES_ERROR;
				CLANG_WARN_DOCUMENTATION_COMMENTS = YES;
				CLANG_WARN_EMPTY_BODY = YES;
				CLANG_WARN_ENUM_CONVERSION = YES;
				CLANG_WARN_INFINITE_RECURSION = YES;
				CLANG_WARN_INT_CONVERSION = YES;
				CLANG_WARN_NON_LITERAL_NULL_CONVERSION = YES;
				CLANG_WARN_OBJC_IMPLICIT_RETAIN_SELF = YES;
				CLANG_WARN_OBJC_LITERAL_CONVERSION = YES;
				CLANG_WARN_OBJC_ROOT_CLASS = YES_ERROR;
				CLANG_WARN_RANGE_LOOP_ANALYSIS = YES;
				CLANG_WARN_STRICT_PROTOTYPES = YES;
				CLANG_WARN_SUSPICIOUS_MOVE = YES;
				CLANG_WARN_UNGUARDED_AVAILABILITY = YES_AGGRESSIVE;
				CLANG_WARN_UNREACHABLE_CODE = YES;
				CLANG_WARN__DUPLICATE_METHOD_MATCH = YES;
				CODE_SIGN_IDENTITY = "iPhone Developer";
				COPY_PHASE_STRIP = NO;
				DEBUG_INFORMATION_FORMAT = dwarf;
				ENABLE_STRICT_OBJC_MSGSEND = YES;
				ENABLE_TESTABILITY = YES;
				GCC_C_LANGUAGE_STANDARD = gnu11;
				GCC_DYNAMIC_NO_PIC = NO;
				GCC_NO_COMMON_BLOCKS = YES;
				GCC_OPTIMIZATION_LEVEL = 0;
				GCC_PREPROCESSOR_DEFINITIONS = (
					"DEBUG=1",
					"$(inherited)",
				);
				GCC_WARN_64_TO_32_BIT_CONVERSION = YES;
				GCC_WARN_ABOUT_RETURN_TYPE = YES_ERROR;
				GCC_WARN_UNDECLARED_SELECTOR = YES;
				GCC_WARN_UNINITIALIZED_AUTOS = YES_AGGRESSIVE;
				GCC_WARN_UNUSED_FUNCTION = YES;
				GCC_WARN_UNUSED_VARIABLE = YES;
				IPHONEOS_DEPLOYMENT_TARGET = 12.2;
				MTL_ENABLE_DEBUG_INFO = INCLUDE_SOURCE;
				MTL_FAST_MATH = YES;
				ONLY_ACTIVE_ARCH = YES;
				SDKROOT = iphoneos;
				SWIFT_ACTIVE_COMPILATION_CONDITIONS = DEBUG;
				SWIFT_OPTIMIZATION_LEVEL = "-Onone";
			};
			name = Debug;
		};
		E446C8CD2281476700D5A15D /* Release */ = {
			isa = XCBuildConfiguration;
			buildSettings = {
				ALWAYS_SEARCH_USER_PATHS = NO;
				CLANG_ANALYZER_NONNULL = YES;
				CLANG_ANALYZER_NUMBER_OBJECT_CONVERSION = YES_AGGRESSIVE;
				CLANG_CXX_LANGUAGE_STANDARD = "gnu++14";
				CLANG_CXX_LIBRARY = "libc++";
				CLANG_ENABLE_MODULES = YES;
				CLANG_ENABLE_OBJC_ARC = YES;
				CLANG_ENABLE_OBJC_WEAK = YES;
				CLANG_WARN_BLOCK_CAPTURE_AUTORELEASING = YES;
				CLANG_WARN_BOOL_CONVERSION = YES;
				CLANG_WARN_COMMA = YES;
				CLANG_WARN_CONSTANT_CONVERSION = YES;
				CLANG_WARN_DEPRECATED_OBJC_IMPLEMENTATIONS = YES;
				CLANG_WARN_DIRECT_OBJC_ISA_USAGE = YES_ERROR;
				CLANG_WARN_DOCUMENTATION_COMMENTS = YES;
				CLANG_WARN_EMPTY_BODY = YES;
				CLANG_WARN_ENUM_CONVERSION = YES;
				CLANG_WARN_INFINITE_RECURSION = YES;
				CLANG_WARN_INT_CONVERSION = YES;
				CLANG_WARN_NON_LITERAL_NULL_CONVERSION = YES;
				CLANG_WARN_OBJC_IMPLICIT_RETAIN_SELF = YES;
				CLANG_WARN_OBJC_LITERAL_CONVERSION = YES;
				CLANG_WARN_OBJC_ROOT_CLASS = YES_ERROR;
				CLANG_WARN_RANGE_LOOP_ANALYSIS = YES;
				CLANG_WARN_STRICT_PROTOTYPES = YES;
				CLANG_WARN_SUSPICIOUS_MOVE = YES;
				CLANG_WARN_UNGUARDED_AVAILABILITY = YES_AGGRESSIVE;
				CLANG_WARN_UNREACHABLE_CODE = YES;
				CLANG_WARN__DUPLICATE_METHOD_MATCH = YES;
				CODE_SIGN_IDENTITY = "iPhone Developer";
				COPY_PHASE_STRIP = NO;
				DEBUG_INFORMATION_FORMAT = "dwarf-with-dsym";
				ENABLE_NS_ASSERTIONS = NO;
				ENABLE_STRICT_OBJC_MSGSEND = YES;
				GCC_C_LANGUAGE_STANDARD = gnu11;
				GCC_NO_COMMON_BLOCKS = YES;
				GCC_WARN_64_TO_32_BIT_CONVERSION = YES;
				GCC_WARN_ABOUT_RETURN_TYPE = YES_ERROR;
				GCC_WARN_UNDECLARED_SELECTOR = YES;
				GCC_WARN_UNINITIALIZED_AUTOS = YES_AGGRESSIVE;
				GCC_WARN_UNUSED_FUNCTION = YES;
				GCC_WARN_UNUSED_VARIABLE = YES;
				IPHONEOS_DEPLOYMENT_TARGET = 12.2;
				MTL_ENABLE_DEBUG_INFO = NO;
				MTL_FAST_MATH = YES;
				SDKROOT = iphoneos;
				SWIFT_COMPILATION_MODE = wholemodule;
				SWIFT_OPTIMIZATION_LEVEL = "-O";
				VALIDATE_PRODUCT = YES;
			};
			name = Release;
		};
		E446C8CF2281476700D5A15D /* Debug */ = {
			isa = XCBuildConfiguration;
			buildSettings = {
				ASSETCATALOG_COMPILER_APPICON_NAME = AppIcon;
				CODE_SIGN_STYLE = Automatic;
				DEVELOPMENT_TEAM = 3T5C6M29C2;
				INFOPLIST_FILE = "AkilaDilshan-COBSCComp171p-015/Info.plist";
				IPHONEOS_DEPLOYMENT_TARGET = 11.0;
				LD_RUNPATH_SEARCH_PATHS = (
					"$(inherited)",
					"@executable_path/Frameworks",
				);
				PRODUCT_BUNDLE_IDENTIFIER = "com.stark.AkilaDilshan-COBSCComp171p-015";
				PRODUCT_NAME = "$(TARGET_NAME)";
				SWIFT_VERSION = 5.0;
				TARGETED_DEVICE_FAMILY = 1;
			};
			name = Debug;
		};
		E446C8D02281476700D5A15D /* Release */ = {
			isa = XCBuildConfiguration;
			buildSettings = {
				ASSETCATALOG_COMPILER_APPICON_NAME = AppIcon;
				CODE_SIGN_STYLE = Automatic;
				DEVELOPMENT_TEAM = 3T5C6M29C2;
				INFOPLIST_FILE = "AkilaDilshan-COBSCComp171p-015/Info.plist";
				IPHONEOS_DEPLOYMENT_TARGET = 11.0;
				LD_RUNPATH_SEARCH_PATHS = (
					"$(inherited)",
					"@executable_path/Frameworks",
				);
				PRODUCT_BUNDLE_IDENTIFIER = "com.stark.AkilaDilshan-COBSCComp171p-015";
				PRODUCT_NAME = "$(TARGET_NAME)";
				SWIFT_VERSION = 5.0;
				TARGETED_DEVICE_FAMILY = 1;
			};
			name = Release;
		};
/* End XCBuildConfiguration section */

/* Begin XCConfigurationList section */
		E446C8B72281476600D5A15D /* Build configuration list for PBXProject "AkilaDilshan-COBSCComp171p-015" */ = {
			isa = XCConfigurationList;
			buildConfigurations = (
				E446C8CC2281476700D5A15D /* Debug */,
				E446C8CD2281476700D5A15D /* Release */,
			);
			defaultConfigurationIsVisible = 0;
			defaultConfigurationName = Release;
		};
		E446C8CE2281476700D5A15D /* Build configuration list for PBXNativeTarget "AkilaDilshan-COBSCComp171p-015" */ = {
			isa = XCConfigurationList;
			buildConfigurations = (
				E446C8CF2281476700D5A15D /* Debug */,
				E446C8D02281476700D5A15D /* Release */,
			);
			defaultConfigurationIsVisible = 0;
			defaultConfigurationName = Release;
		};
/* End XCConfigurationList section */
	};
	rootObject = E446C8B42281476600D5A15D /* Project object */;
}
